
Microsoft Visual Studio Solution File, Format Version 12.00
# Visual Studio 14
VisualStudioVersion = 14.0.25420.1
MinimumVisualStudioVersion = 10.0.40219.1
Project("{FAE04EC0-301F-11D3-BF4B-00C04F79EFBC}") = "PayRunIO.CSharp.SDK.GettingStarted", "PayRunIO.CSharp.SDK.GettingStarted\PayRunIO.CSharp.SDK.GettingStarted.csproj", "{802FB990-7A59-4BD4-99E8-64BDC499DF0C}"
EndProject
Project("{FAE04EC0-301F-11D3-BF4B-00C04F79EFBC}") = "PayRunIO.CSharp.SDK", "PayRunIO.CSharp.SDK\PayRunIO.CSharp.SDK.csproj", "{13EF6C45-CAD4-4FC9-8510-BF8729150417}"
EndProject
Global
	GlobalSection(SolutionConfigurationPlatforms) = preSolution
		Debug|Any CPU = Debug|Any CPU
		Release|Any CPU = Release|Any CPU
	EndGlobalSection
	GlobalSection(ProjectConfigurationPlatforms) = postSolution
		{802FB990-7A59-4BD4-99E8-64BDC499DF0C}.Debug|Any CPU.ActiveCfg = Debug|Any CPU
		{802FB990-7A59-4BD4-99E8-64BDC499DF0C}.Debug|Any CPU.Build.0 = Debug|Any CPU
		{802FB990-7A59-4BD4-99E8-64BDC499DF0C}.Release|Any CPU.ActiveCfg = Release|Any CPU
		{802FB990-7A59-4BD4-99E8-64BDC499DF0C}.Release|Any CPU.Build.0 = Release|Any CPU
		{13EF6C45-CAD4-4FC9-8510-BF8729150417}.Debug|Any CPU.ActiveCfg = Debug|Any CPU
		{13EF6C45-CAD4-4FC9-8510-BF8729150417}.Debug|Any CPU.Build.0 = Debug|Any CPU
		{13EF6C45-CAD4-4FC9-8510-BF8729150417}.Release|Any CPU.ActiveCfg = Release|Any CPU
		{13EF6C45-CAD4-4FC9-8510-BF8729150417}.Release|Any CPU.Build.0 = Release|Any CPU
	EndGlobalSection
	GlobalSection(SolutionProperties) = preSolution
		HideSolutionNode = FALSE
	EndGlobalSection
EndGlobal
